
Microsoft Visual Studio Solution File, Format Version 12.00
# Visual Studio 15
VisualStudioVersion = 15.0.28307.1684
MinimumVisualStudioVersion = 10.0.40219.1
Project("{FAE04EC0-301F-11D3-BF4B-00C04F79EFBC}") = "C Sharp 7.2", "C Sharp 7.2\C Sharp 7.2.csproj", "{2592D000-9C7A-4B28-B451-57F32CEC7F69}"
EndProject
Global
	GlobalSection(SolutionConfigurationPlatforms) = preSolution
		Debug|Any CPU = Debug|Any CPU
		Release|Any CPU = Release|Any CPU
	EndGlobalSection
	GlobalSection(ProjectConfigurationPlatforms) = postSolution
		{2592D000-9C7A-4B28-B451-57F32CEC7F69}.Debug|Any CPU.ActiveCfg = Debug|Any CPU
		{2592D000-9C7A-4B28-B451-57F32CEC7F69}.Debug|Any CPU.Build.0 = Debug|Any CPU
		{2592D000-9C7A-4B28-B451-57F32CEC7F69}.Release|Any CPU.ActiveCfg = Release|Any CPU
		{2592D000-9C7A-4B28-B451-57F32CEC7F69}.Release|Any CPU.Build.0 = Release|Any CPU
	EndGlobalSection
	GlobalSection(SolutionProperties) = preSolution
		HideSolutionNode = FALSE
	EndGlobalSection
	GlobalSection(ExtensibilityGlobals) = postSolution
		SolutionGuid = {49DB8B18-A408-4125-A92F-154A9370E35C}
	EndGlobalSection
EndGlobal
